// !$*UTF8*$!
{
	archiveVersion = 1;
	classes = {
	};
	objectVersion = 50;
	objects = {

/* Begin PBXBuildFile section */
		C69F2392268F7BA50084F0B9 /* AppDelegate.swift in Sources */ = {isa = PBXBuildFile; fileRef = C69F2391268F7BA50084F0B9 /* AppDelegate.swift */; };
		C69F2394268F7BA50084F0B9 /* SceneDelegate.swift in Sources */ = {isa = PBXBuildFile; fileRef = C69F2393268F7BA50084F0B9 /* SceneDelegate.swift */; };
		C69F2396268F7BA50084F0B9 /* ContentView.swift in Sources */ = {isa = PBXBuildFile; fileRef = C69F2395268F7BA50084F0B9 /* ContentView.swift */; };
		C69F2398268F7BA60084F0B9 /* Assets.xcassets in Resources */ = {isa = PBXBuildFile; fileRef = C69F2397268F7BA60084F0B9 /* Assets.xcassets */; };
		C69F239B268F7BA60084F0B9 /* Preview Assets.xcassets in Resources */ = {isa = PBXBuildFile; fileRef = C69F239A268F7BA60084F0B9 /* Preview Assets.xcassets */; };
		C69F239E268F7BA60084F0B9 /* LaunchScreen.storyboard in Resources */ = {isa = PBXBuildFile; fileRef = C69F239C268F7BA60084F0B9 /* LaunchScreen.storyboard */; };
/* End PBXBuildFile section */

/* Begin PBXFileReference section */
		C69F238E268F7BA50084F0B9 /* SampleSwiftUIApp.app */ = {isa = PBXFileReference; explicitFileType = wrapper.application; includeInIndex = 0; path = SampleSwiftUIApp.app; sourceTree = BUILT_PRODUCTS_DIR; };
		C69F2391268F7BA50084F0B9 /* AppDelegate.swift */ = {isa = PBXFileReference; lastKnownFileType = sourcecode.swift; path = AppDelegate.swift; sourceTree = "<group>"; };
		C69F2393268F7BA50084F0B9 /* SceneDelegate.swift */ = {isa = PBXFileReference; lastKnownFileType = sourcecode.swift; path = SceneDelegate.swift; sourceTree = "<group>"; };
		C69F2395268F7BA50084F0B9 /* ContentView.swift */ = {isa = PBXFileReference; lastKnownFileType = sourcecode.swift; path = ContentView.swift; sourceTree = "<group>"; };
		C69F2397268F7BA60084F0B9 /* Assets.xcassets */ = {isa = PBXFileReference; lastKnownFileType = folder.assetcatalog; path = Assets.xcassets; sourceTree = "<group>"; };
		C69F239A268F7BA60084F0B9 /* Preview Assets.xcassets */ = {isa = PBXFileReference; lastKnownFileType = folder.assetcatalog; path = "Preview Assets.xcassets"; sourceTree = "<group>"; };
		C69F239D268F7BA60084F0B9 /* Base */ = {isa = PBXFileReference; lastKnownFileType = file.storyboard; name = Base; path = Base.lproj/LaunchScreen.storyboard; sourceTree = "<group>"; };
		C69F239F268F7BA60084F0B9 /* Info.plist */ = {isa = PBXFileReference; lastKnownFileType = text.plist.xml; path = Info.plist; sourceTree = "<group>"; };
/* End PBXFileReference section */

/* Begin PBXFrameworksBuildPhase section */
		C69F238B268F7BA50084F0B9 /* Frameworks */ = {
			isa = PBXFrameworksBuildPhase;
			buildActionMask = 2147483647;
			files = (
			);
			runOnlyForDeploymentPostprocessing = 0;
		};
/* End PBXFrameworksBuildPhase section */

/* Begin PBXGroup section */
		C69F2385268F7BA50084F0B9 = {
			isa = PBXGroup;
			children = (
				C69F2390268F7BA50084F0B9 /* SampleSwiftUIApp */,
				C69F238F268F7BA50084F0B9 /* Products */,
			);
			sourceTree = "<group>";
		};
		C69F238F268F7BA50084F0B9 /* Products */ = {
			isa = PBXGroup;
			children = (
				C69F238E268F7BA50084F0B9 /* SampleSwiftUIApp.app */,
			);
			name = Products;
			sourceTree = "<group>";
		};
		C69F2390268F7BA50084F0B9 /* SampleSwiftUIApp */ = {
			isa = PBXGroup;
			children = (
				C69F2391268F7BA50084F0B9 /* AppDelegate.swift */,
				C69F2393268F7BA50084F0B9 /* SceneDelegate.swift */,
				C69F2395268F7BA50084F0B9 /* ContentView.swift */,
				C69F2397268F7BA60084F0B9 /* Assets.xcassets */,
				C69F239C268F7BA60084F0B9 /* LaunchScreen.storyboard */,
				C69F239F268F7BA60084F0B9 /* Info.plist */,
				C69F2399268F7BA60084F0B9 /* Preview Content */,
			);
			path = SampleSwiftUIApp;
			sourceTree = "<group>";
		};
		C69F2399268F7BA60084F0B9 /* Preview Content */ = {
			isa = PBXGroup;
			children = (
				C69F239A268F7BA60084F0B9 /* Preview Assets.xcassets */,
			);
			path = "Preview Content";
			sourceTree = "<group>";
		};
/* End PBXGroup section */

/* Begin PBXNativeTarget section */
		C69F238D268F7BA50084F0B9 /* SampleSwiftUIApp */ = {
			isa = PBXNativeTarget;
			buildConfigurationList = C69F23A2268F7BA60084F0B9 /* Build configuration list for PBXNativeTarget "SampleSwiftUIApp" */;
			buildPhases = (
				C69F238A268F7BA50084F0B9 /* Sources */,
				C69F238B268F7BA50084F0B9 /* Frameworks */,
				C69F238C268F7BA50084F0B9 /* Resources */,
			);
			buildRules = (
			);
			dependencies = (
			);
			name = SampleSwiftUIApp;
			productName = SampleSwiftUIApp;
			productReference = C69F238E268F7BA50084F0B9 /* SampleSwiftUIApp.app */;
			productType = "com.apple.product-type.application";
		};
/* End PBXNativeTarget section */

/* Begin PBXProject section */
		C69F2386268F7BA50084F0B9 /* Project object */ = {
			isa = PBXProject;
			attributes = {
				LastSwiftUpdateCheck = 1230;
				LastUpgradeCheck = 1230;
				TargetAttributes = {
					C69F238D268F7BA50084F0B9 = {
						CreatedOnToolsVersion = 12.3;
					};
				};
			};
			buildConfigurationList = C69F2389268F7BA50084F0B9 /* Build configuration list for PBXProject "SampleSwiftUIApp" */;
			compatibilityVersion = "Xcode 9.3";
			developmentRegion = en;
			hasScannedForEncodings = 0;
			knownRegions = (
				en,
				Base,
			);
			mainGroup = C69F2385268F7BA50084F0B9;
			productRefGroup = C69F238F268F7BA50084F0B9 /* Products */;
			projectDirPath = "";
			projectRoot = "";
			targets = (
				C69F238D268F7BA50084F0B9 /* SampleSwiftUIApp */,
			);
		};
/* End PBXProject section */

/* Begin PBXResourcesBuildPhase section */
		C69F238C268F7BA50084F0B9 /* Resources */ = {
			isa = PBXResourcesBuildPhase;
			buildActionMask = 2147483647;
			files = (
				C69F239E268F7BA60084F0B9 /* LaunchScreen.storyboard in Resources */,
				C69F239B268F7BA60084F0B9 /* Preview Assets.xcassets in Resources */,
				C69F2398268F7BA60084F0B9 /* Assets.xcassets in Resources */,
			);
			runOnlyForDeploymentPostprocessing = 0;
		};
/* End PBXResourcesBuildPhase section */

/* Begin PBXSourcesBuildPhase section */
		C69F238A268F7BA50084F0B9 /* Sources */ = {
			isa = PBXSourcesBuildPhase;
			buildActionMask = 2147483647;
			files = (
				C69F2392268F7BA50084F0B9 /* AppDelegate.swift in Sources */,
				C69F2394268F7BA50084F0B9 /* SceneDelegate.swift in Sources */,
				C69F2396268F7BA50084F0B9 /* ContentView.swift in Sources */,
			);
			runOnlyForDeploymentPostprocessing = 0;
		};
/* End PBXSourcesBuildPhase section */

/* Begin PBXVariantGroup section */
		C69F239C268F7BA60084F0B9 /* LaunchScreen.storyboard */ = {
			isa = PBXVariantGroup;
			children = (
				C69F239D268F7BA60084F0B9 /* Base */,
			);
			name = LaunchScreen.storyboard;
			sourceTree = "<group>";
		};
/* End PBXVariantGroup section */

/* Begin XCBuildConfiguration section */
		C69F23A0268F7BA60084F0B9 /* Debug */ = {
			isa = XCBuildConfiguration;
			buildSettings = {
				ALWAYS_SEARCH_USER_PATHS = NO;
				CLANG_ANALYZER_NONNULL = YES;
				CLANG_ANALYZER_NUMBER_OBJECT_CONVERSION = YES_AGGRESSIVE;
				CLANG_CXX_LANGUAGE_STANDARD = "gnu++14";
				CLANG_CXX_LIBRARY = "libc++";
				CLANG_ENABLE_MODULES = YES;
				CLANG_ENABLE_OBJC_ARC = YES;
				CLANG_ENABLE_OBJC_WEAK = YES;
				CLANG_WARN_BLOCK_CAPTURE_AUTORELEASING = YES;
				CLANG_WARN_BOOL_CONVERSION = YES;
				CLANG_WARN_COMMA = YES;
				CLANG_WARN_CONSTANT_CONVERSION = YES;
				CLANG_WARN_DEPRECATED_OBJC_IMPLEMENTATIONS = YES;
				CLANG_WARN_DIRECT_OBJC_ISA_USAGE = YES_ERROR;
				CLANG_WARN_DOCUMENTATION_COMMENTS = YES;
				CLANG_WARN_EMPTY_BODY = YES;
				CLANG_WARN_ENUM_CONVERSION = YES;
				CLANG_WARN_INFINITE_RECURSION = YES;
				CLANG_WARN_INT_CONVERSION = YES;
				CLANG_WARN_NON_LITERAL_NULL_CONVERSION = YES;
				CLANG_WARN_OBJC_IMPLICIT_RETAIN_SELF = YES;
				CLANG_WARN_OBJC_LITERAL_CONVERSION = YES;
				CLANG_WARN_OBJC_ROOT_CLASS = YES_ERROR;
				CLANG_WARN_QUOTED_INCLUDE_IN_FRAMEWORK_HEADER = YES;
				CLANG_WARN_RANGE_LOOP_ANALYSIS = YES;
				CLANG_WARN_STRICT_PROTOTYPES = YES;
				CLANG_WARN_SUSPICIOUS_MOVE = YES;
				CLANG_WARN_UNGUARDED_AVAILABILITY = YES_AGGRESSIVE;
				CLANG_WARN_UNREACHABLE_CODE = YES;
				CLANG_WARN__DUPLICATE_METHOD_MATCH = YES;
				COPY_PHASE_STRIP = NO;
				DEBUG_INFORMATION_FORMAT = dwarf;
				ENABLE_STRICT_OBJC_MSGSEND = YES;
				ENABLE_TESTABILITY = YES;
				GCC_C_LANGUAGE_STANDARD = gnu11;
				GCC_DYNAMIC_NO_PIC = NO;
				GCC_NO_COMMON_BLOCKS = YES;
				GCC_OPTIMIZATION_LEVEL = 0;
				GCC_PREPROCESSOR_DEFINITIONS = (
					"DEBUG=1",
					"$(inherited)",
				);
				GCC_WARN_64_TO_32_BIT_CONVERSION = YES;
				GCC_WARN_ABOUT_RETURN_TYPE = YES_ERROR;
				GCC_WARN_UNDECLARED_SELECTOR = YES;
				GCC_WARN_UNINITIALIZED_AUTOS = YES_AGGRESSIVE;
				GCC_WARN_UNUSED_FUNCTION = YES;
				GCC_WARN_UNUSED_VARIABLE = YES;
				IPHONEOS_DEPLOYMENT_TARGET = 14.3;
				MTL_ENABLE_DEBUG_INFO = INCLUDE_SOURCE;
				MTL_FAST_MATH = YES;
				ONLY_ACTIVE_ARCH = YES;
				SDKROOT = iphoneos;
				SWIFT_ACTIVE_COMPILATION_CONDITIONS = DEBUG;
				SWIFT_OPTIMIZATION_LEVEL = "-Onone";
			};
			name = Debug;
		};
		C69F23A1268F7BA60084F0B9 /* Release */ = {
			isa = XCBuildConfiguration;
			buildSettings = {
				ALWAYS_SEARCH_USER_PATHS = NO;
				CLANG_ANALYZER_NONNULL = YES;
				CLANG_ANALYZER_NUMBER_OBJECT_CONVERSION = YES_AGGRESSIVE;
				CLANG_CXX_LANGUAGE_STANDARD = "gnu++14";
				CLANG_CXX_LIBRARY = "libc++";
				CLANG_ENABLE_MODULES = YES;
				CLANG_ENABLE_OBJC_ARC = YES;
				CLANG_ENABLE_OBJC_WEAK = YES;
				CLANG_WARN_BLOCK_CAPTURE_AUTORELEASING = YES;
				CLANG_WARN_BOOL_CONVERSION = YES;
				CLANG_WARN_COMMA = YES;
				CLANG_WARN_CONSTANT_CONVERSION = YES;
				CLANG_WARN_DEPRECATED_OBJC_IMPLEMENTATIONS = YES;
				CLANG_WARN_DIRECT_OBJC_ISA_USAGE = YES_ERROR;
				CLANG_WARN_DOCUMENTATION_COMMENTS = YES;
				CLANG_WARN_EMPTY_BODY = YES;
				CLANG_WARN_ENUM_CONVERSION = YES;
				CLANG_WARN_INFINITE_RECURSION = YES;
				CLANG_WARN_INT_CONVERSION = YES;
				CLANG_WARN_NON_LITERAL_NULL_CONVERSION = YES;
				CLANG_WARN_OBJC_IMPLICIT_RETAIN_SELF = YES;
				CLANG_WARN_OBJC_LITERAL_CONVERSION = YES;
				CLANG_WARN_OBJC_ROOT_CLASS = YES_ERROR;
				CLANG_WARN_QUOTED_INCLUDE_IN_FRAMEWORK_HEADER = YES;
				CLANG_WARN_RANGE_LOOP_ANALYSIS = YES;
				CLANG_WARN_STRICT_PROTOTYPES = YES;
				CLANG_WARN_SUSPICIOUS_MOVE = YES;
				CLANG_WARN_UNGUARDED_AVAILABILITY = YES_AGGRESSIVE;
				CLANG_WARN_UNREACHABLE_CODE = YES;
				CLANG_WARN__DUPLICATE_METHOD_MATCH = YES;
				COPY_PHASE_STRIP = NO;
				DEBUG_INFORMATION_FORMAT = "dwarf-with-dsym";
				ENABLE_NS_ASSERTIONS = NO;
				ENABLE_STRICT_OBJC_MSGSEND = YES;
				GCC_C_LANGUAGE_STANDARD = gnu11;
				GCC_NO_COMMON_BLOCKS = YES;
				GCC_WARN_64_TO_32_BIT_CONVERSION = YES;
				GCC_WARN_ABOUT_RETURN_TYPE = YES_ERROR;
				GCC_WARN_UNDECLARED_SELECTOR = YES;
				GCC_WARN_UNINITIALIZED_AUTOS = YES_AGGRESSIVE;
				GCC_WARN_UNUSED_FUNCTION = YES;
				GCC_WARN_UNUSED_VARIABLE = YES;
				IPHONEOS_DEPLOYMENT_TARGET = 14.3;
				MTL_ENABLE_DEBUG_INFO = NO;
				MTL_FAST_MATH = YES;
				SDKROOT = iphoneos;
				SWIFT_COMPILATION_MODE = wholemodule;
				SWIFT_OPTIMIZATION_LEVEL = "-O";
				VALIDATE_PRODUCT = YES;
			};
			name = Release;
		};
		C69F23A3268F7BA60084F0B9 /* Debug */ = {
			isa = XCBuildConfiguration;
			buildSettings = {
				ASSETCATALOG_COMPILER_APPICON_NAME = AppIcon;
				ASSETCATALOG_COMPILER_GLOBAL_ACCENT_COLOR_NAME = AccentColor;
				CODE_SIGN_STYLE = Automatic;
				DEVELOPMENT_ASSET_PATHS = "\"SampleSwiftUIApp/Preview Content\"";
				ENABLE_PREVIEWS = YES;
				INFOPLIST_FILE = SampleSwiftUIApp/Info.plist;
				LD_RUNPATH_SEARCH_PATHS = (
					"$(inherited)",
					"@executable_path/Frameworks",
				);
				PRODUCT_BUNDLE_IDENTIFIER = com.SampleSwiftUIApp;
				PRODUCT_NAME = "$(TARGET_NAME)";
				SWIFT_VERSION = 5.0;
				TARGETED_DEVICE_FAMILY = "1,2";
			};
			name = Debug;
		};
		C69F23A4268F7BA60084F0B9 /* Release */ = {
			isa = XCBuildConfiguration;
			buildSettings = {
				ASSETCATALOG_COMPILER_APPICON_NAME = AppIcon;
				ASSETCATALOG_COMPILER_GLOBAL_ACCENT_COLOR_NAME = AccentColor;
				CODE_SIGN_STYLE = Automatic;
				DEVELOPMENT_ASSET_PATHS = "\"SampleSwiftUIApp/Preview Content\"";
				ENABLE_PREVIEWS = YES;
				INFOPLIST_FILE = SampleSwiftUIApp/Info.plist;
				LD_RUNPATH_SEARCH_PATHS = (
					"$(inherited)",
					"@executable_path/Frameworks",
				);
				PRODUCT_BUNDLE_IDENTIFIER = com.SampleSwiftUIApp;
				PRODUCT_NAME = "$(TARGET_NAME)";
				SWIFT_VERSION = 5.0;
				TARGETED_DEVICE_FAMILY = "1,2";
			};
			name = Release;
		};
/* End XCBuildConfiguration section */

/* Begin XCConfigurationList section */
		C69F2389268F7BA50084F0B9 /* Build configuration list for PBXProject "SampleSwiftUIApp" */ = {
			isa = XCConfigurationList;
			buildConfigurations = (
				C69F23A0268F7BA60084F0B9 /* Debug */,
				C69F23A1268F7BA60084F0B9 /* Release */,
			);
			defaultConfigurationIsVisible = 0;
			defaultConfigurationName = Release;
		};
		C69F23A2268F7BA60084F0B9 /* Build configuration list for PBXNativeTarget "SampleSwiftUIApp" */ = {
			isa = XCConfigurationList;
			buildConfigurations = (
				C69F23A3268F7BA60084F0B9 /* Debug */,
				C69F23A4268F7BA60084F0B9 /* Release */,
			);
			defaultConfigurationIsVisible = 0;
			defaultConfigurationName = Release;
		};
/* End XCConfigurationList section */
	};
	rootObject = C69F2386268F7BA50084F0B9 /* Project object */;
}
